
Microsoft Visual Studio Solution File, Format Version 12.00
# Visual Studio Version 17
VisualStudioVersion = 17.3.32505.426
MinimumVisualStudioVersion = 10.0.40219.1
Project("{9A19103F-16F7-4668-BE54-9A1E7A4F7556}") = "FantasyHome.Api", "FantasyHome.Api\FantasyHome.Api.csproj", "{56433D71-F5AF-465E-A0EC-CA9FFFA270F6}"
EndProject
Project("{9A19103F-16F7-4668-BE54-9A1E7A4F7556}") = "FantasyHome.HttpRequest", "FantasyHome.HttpRequest\FantasyHome.HttpRequest.csproj", "{E1B69D40-9DFB-4544-A0E1-C6E35D246E52}"
EndProject
Project("{9A19103F-16F7-4668-BE54-9A1E7A4F7556}") = "FantasyHome.UI", "FantasyHome.UI\FantasyHome.UI.csproj", "{47D7750F-0891-4A2B-8CDF-F4D3172D9FA3}"
EndProject
Project("{9A19103F-16F7-4668-BE54-9A1E7A4F7556}") = "FantasyHome.Application", "FantasyHome.Application\FantasyHome.Application.csproj", "{B1183F44-C85F-4033-9558-F650122F02C9}"
EndProject
Project("{2150E333-8FDC-42A3-9474-1A3956D46DE8}") = "FantasyHomeCenter", "FantasyHomeCenter", "{260827B9-B63E-42A2-8569-626658B36F3D}"
EndProject
Global
	GlobalSection(SolutionConfigurationPlatforms) = preSolution
		Debug|Any CPU = Debug|Any CPU
		Debug|ARM = Debug|ARM
		Debug|ARM64 = Debug|ARM64
		Debug|x64 = Debug|x64
		Debug|x86 = Debug|x86
		Release|Any CPU = Release|Any CPU
		Release|ARM = Release|ARM
		Release|ARM64 = Release|ARM64
		Release|x64 = Release|x64
		Release|x86 = Release|x86
	EndGlobalSection
	GlobalSection(ProjectConfigurationPlatforms) = postSolution
		{56433D71-F5AF-465E-A0EC-CA9FFFA270F6}.Debug|Any CPU.ActiveCfg = Debug|Any CPU
		{56433D71-F5AF-465E-A0EC-CA9FFFA270F6}.Debug|Any CPU.Build.0 = Debug|Any CPU
		{56433D71-F5AF-465E-A0EC-CA9FFFA270F6}.Debug|ARM.ActiveCfg = Debug|Any CPU
		{56433D71-F5AF-465E-A0EC-CA9FFFA270F6}.Debug|ARM.Build.0 = Debug|Any CPU
		{56433D71-F5AF-465E-A0EC-CA9FFFA270F6}.Debug|ARM64.ActiveCfg = Debug|Any CPU
		{56433D71-F5AF-465E-A0EC-CA9FFFA270F6}.Debug|ARM64.Build.0 = Debug|Any CPU
		{56433D71-F5AF-465E-A0EC-CA9FFFA270F6}.Debug|x64.ActiveCfg = Debug|Any CPU
		{56433D71-F5AF-465E-A0EC-CA9FFFA270F6}.Debug|x64.Build.0 = Debug|Any CPU
		{56433D71-F5AF-465E-A0EC-CA9FFFA270F6}.Debug|x86.ActiveCfg = Debug|Any CPU
		{56433D71-F5AF-465E-A0EC-CA9FFFA270F6}.Debug|x86.Build.0 = Debug|Any CPU
		{56433D71-F5AF-465E-A0EC-CA9FFFA270F6}.Release|Any CPU.ActiveCfg = Release|Any CPU
		{56433D71-F5AF-465E-A0EC-CA9FFFA270F6}.Release|Any CPU.Build.0 = Release|Any CPU
		{56433D71-F5AF-465E-A0EC-CA9FFFA270F6}.Release|ARM.ActiveCfg = Release|Any CPU
		{56433D71-F5AF-465E-A0EC-CA9FFFA270F6}.Release|ARM.Build.0 = Release|Any CPU
		{56433D71-F5AF-465E-A0EC-CA9FFFA270F6}.Release|ARM64.ActiveCfg = Release|Any CPU
		{56433D71-F5AF-465E-A0EC-CA9FFFA270F6}.Release|ARM64.Build.0 = Release|Any CPU
		{56433D71-F5AF-465E-A0EC-CA9FFFA270F6}.Release|x64.ActiveCfg = Release|Any CPU
		{56433D71-F5AF-465E-A0EC-CA9FFFA270F6}.Release|x64.Build.0 = Release|Any CPU
		{56433D71-F5AF-465E-A0EC-CA9FFFA270F6}.Release|x86.ActiveCfg = Release|Any CPU
		{56433D71-F5AF-465E-A0EC-CA9FFFA270F6}.Release|x86.Build.0 = Release|Any CPU
		{E1B69D40-9DFB-4544-A0E1-C6E35D246E52}.Debug|Any CPU.ActiveCfg = Debug|Any CPU
		{E1B69D40-9DFB-4544-A0E1-C6E35D246E52}.Debug|Any CPU.Build.0 = Debug|Any CPU
		{E1B69D40-9DFB-4544-A0E1-C6E35D246E52}.Debug|ARM.ActiveCfg = Debug|Any CPU
		{E1B69D40-9DFB-4544-A0E1-C6E35D246E52}.Debug|ARM.Build.0 = Debug|Any CPU
		{E1B69D40-9DFB-4544-A0E1-C6E35D246E52}.Debug|ARM64.ActiveCfg = Debug|Any CPU
		{E1B69D40-9DFB-4544-A0E1-C6E35D246E52}.Debug|ARM64.Build.0 = Debug|Any CPU
		{E1B69D40-9DFB-4544-A0E1-C6E35D246E52}.Debug|x64.ActiveCfg = Debug|Any CPU
		{E1B69D40-9DFB-4544-A0E1-C6E35D246E52}.Debug|x64.Build.0 = Debug|Any CPU
		{E1B69D40-9DFB-4544-A0E1-C6E35D246E52}.Debug|x86.ActiveCfg = Debug|Any CPU
		{E1B69D40-9DFB-4544-A0E1-C6E35D246E52}.Debug|x86.Build.0 = Debug|Any CPU
		{E1B69D40-9DFB-4544-A0E1-C6E35D246E52}.Release|Any CPU.ActiveCfg = Release|Any CPU
		{E1B69D40-9DFB-4544-A0E1-C6E35D246E52}.Release|Any CPU.Build.0 = Release|Any CPU
		{E1B69D40-9DFB-4544-A0E1-C6E35D246E52}.Release|ARM.ActiveCfg = Release|Any CPU
		{E1B69D40-9DFB-4544-A0E1-C6E35D246E52}.Release|ARM.Build.0 = Release|Any CPU
		{E1B69D40-9DFB-4544-A0E1-C6E35D246E52}.Release|ARM64.ActiveCfg = Release|Any CPU
		{E1B69D40-9DFB-4544-A0E1-C6E35D246E52}.Release|ARM64.Build.0 = Release|Any CPU
		{E1B69D40-9DFB-4544-A0E1-C6E35D246E52}.Release|x64.ActiveCfg = Release|Any CPU
		{E1B69D40-9DFB-4544-A0E1-C6E35D246E52}.Release|x64.Build.0 = Release|Any CPU
		{E1B69D40-9DFB-4544-A0E1-C6E35D246E52}.Release|x86.ActiveCfg = Release|Any CPU
		{E1B69D40-9DFB-4544-A0E1-C6E35D246E52}.Release|x86.Build.0 = Release|Any CPU
		{47D7750F-0891-4A2B-8CDF-F4D3172D9FA3}.Debug|Any CPU.ActiveCfg = Debug|Any CPU
		{47D7750F-0891-4A2B-8CDF-F4D3172D9FA3}.Debug|Any CPU.Build.0 = Debug|Any CPU
		{47D7750F-0891-4A2B-8CDF-F4D3172D9FA3}.Debug|Any CPU.Deploy.0 = Debug|Any CPU
		{47D7750F-0891-4A2B-8CDF-F4D3172D9FA3}.Debug|ARM.ActiveCfg = Debug|Any CPU
		{47D7750F-0891-4A2B-8CDF-F4D3172D9FA3}.Debug|ARM.Build.0 = Debug|Any CPU
		{47D7750F-0891-4A2B-8CDF-F4D3172D9FA3}.Debug|ARM.Deploy.0 = Debug|Any CPU
		{47D7750F-0891-4A2B-8CDF-F4D3172D9FA3}.Debug|ARM64.ActiveCfg = Debug|Any CPU
		{47D7750F-0891-4A2B-8CDF-F4D3172D9FA3}.Debug|ARM64.Build.0 = Debug|Any CPU
		{47D7750F-0891-4A2B-8CDF-F4D3172D9FA3}.Debug|ARM64.Deploy.0 = Debug|Any CPU
		{47D7750F-0891-4A2B-8CDF-F4D3172D9FA3}.Debug|x64.ActiveCfg = Debug|Any CPU
		{47D7750F-0891-4A2B-8CDF-F4D3172D9FA3}.Debug|x64.Build.0 = Debug|Any CPU
		{47D7750F-0891-4A2B-8CDF-F4D3172D9FA3}.Debug|x64.Deploy.0 = Debug|Any CPU
		{47D7750F-0891-4A2B-8CDF-F4D3172D9FA3}.Debug|x86.ActiveCfg = Debug|Any CPU
		{47D7750F-0891-4A2B-8CDF-F4D3172D9FA3}.Debug|x86.Build.0 = Debug|Any CPU
		{47D7750F-0891-4A2B-8CDF-F4D3172D9FA3}.Debug|x86.Deploy.0 = Debug|Any CPU
		{47D7750F-0891-4A2B-8CDF-F4D3172D9FA3}.Release|Any CPU.ActiveCfg = Release|Any CPU
		{47D7750F-0891-4A2B-8CDF-F4D3172D9FA3}.Release|Any CPU.Build.0 = Release|Any CPU
		{47D7750F-0891-4A2B-8CDF-F4D3172D9FA3}.Release|Any CPU.Deploy.0 = Release|Any CPU
		{47D7750F-0891-4A2B-8CDF-F4D3172D9FA3}.Release|ARM.ActiveCfg = Release|Any CPU
		{47D7750F-0891-4A2B-8CDF-F4D3172D9FA3}.Release|ARM.Build.0 = Release|Any CPU
		{47D7750F-0891-4A2B-8CDF-F4D3172D9FA3}.Release|ARM.Deploy.0 = Release|Any CPU
		{47D7750F-0891-4A2B-8CDF-F4D3172D9FA3}.Release|ARM64.ActiveCfg = Release|Any CPU
		{47D7750F-0891-4A2B-8CDF-F4D3172D9FA3}.Release|ARM64.Build.0 = Release|Any CPU
		{47D7750F-0891-4A2B-8CDF-F4D3172D9FA3}.Release|ARM64.Deploy.0 = Release|Any CPU
		{47D7750F-0891-4A2B-8CDF-F4D3172D9FA3}.Release|x64.ActiveCfg = Release|Any CPU
		{47D7750F-0891-4A2B-8CDF-F4D3172D9FA3}.Release|x64.Build.0 = Release|Any CPU
		{47D7750F-0891-4A2B-8CDF-F4D3172D9FA3}.Release|x64.Deploy.0 = Release|Any CPU
		{47D7750F-0891-4A2B-8CDF-F4D3172D9FA3}.Release|x86.ActiveCfg = Release|Any CPU
		{47D7750F-0891-4A2B-8CDF-F4D3172D9FA3}.Release|x86.Build.0 = Release|Any CPU
		{47D7750F-0891-4A2B-8CDF-F4D3172D9FA3}.Release|x86.Deploy.0 = Release|Any CPU
		{B1183F44-C85F-4033-9558-F650122F02C9}.Debug|Any CPU.ActiveCfg = Debug|Any CPU
		{B1183F44-C85F-4033-9558-F650122F02C9}.Debug|Any CPU.Build.0 = Debug|Any CPU
		{B1183F44-C85F-4033-9558-F650122F02C9}.Debug|ARM.ActiveCfg = Debug|Any CPU
		{B1183F44-C85F-4033-9558-F650122F02C9}.Debug|ARM.Build.0 = Debug|Any CPU
		{B1183F44-C85F-4033-9558-F650122F02C9}.Debug|ARM64.ActiveCfg = Debug|Any CPU
		{B1183F44-C85F-4033-9558-F650122F02C9}.Debug|ARM64.Build.0 = Debug|Any CPU
		{B1183F44-C85F-4033-9558-F650122F02C9}.Debug|x64.ActiveCfg = Debug|Any CPU
		{B1183F44-C85F-4033-9558-F650122F02C9}.Debug|x64.Build.0 = Debug|Any CPU
		{B1183F44-C85F-4033-9558-F650122F02C9}.Debug|x86.ActiveCfg = Debug|Any CPU
		{B1183F44-C85F-4033-9558-F650122F02C9}.Debug|x86.Build.0 = Debug|Any CPU
		{B1183F44-C85F-4033-9558-F650122F02C9}.Release|Any CPU.ActiveCfg = Release|Any CPU
		{B1183F44-C85F-4033-9558-F650122F02C9}.Release|Any CPU.Build.0 = Release|Any CPU
		{B1183F44-C85F-4033-9558-F650122F02C9}.Release|ARM.ActiveCfg = Release|Any CPU
		{B1183F44-C85F-4033-9558-F650122F02C9}.Release|ARM.Build.0 = Release|Any CPU
		{B1183F44-C85F-4033-9558-F650122F02C9}.Release|ARM64.ActiveCfg = Release|Any CPU
		{B1183F44-C85F-4033-9558-F650122F02C9}.Release|ARM64.Build.0 = Release|Any CPU
		{B1183F44-C85F-4033-9558-F650122F02C9}.Release|x64.ActiveCfg = Release|Any CPU
		{B1183F44-C85F-4033-9558-F650122F02C9}.Release|x64.Build.0 = Release|Any CPU
		{B1183F44-C85F-4033-9558-F650122F02C9}.Release|x86.ActiveCfg = Release|Any CPU
		{B1183F44-C85F-4033-9558-F650122F02C9}.Release|x86.Build.0 = Release|Any CPU
	EndGlobalSection
	GlobalSection(SolutionProperties) = preSolution
		HideSolutionNode = FALSE
	EndGlobalSection
	GlobalSection(ExtensibilityGlobals) = postSolution
		SolutionGuid = {89901F63-0ACF-405A-905D-EF3EB6FEC538}
	EndGlobalSection
EndGlobal
