
Microsoft Visual Studio Solution File, Format Version 12.00
# Visual Studio Version 17
VisualStudioVersion = 17.3.32611.2
MinimumVisualStudioVersion = 10.0.40219.1
Project("{9A19103F-16F7-4668-BE54-9A1E7A4F7556}") = "FantasyHome.HttpRequest", "FantasyHome.HttpRequest\FantasyHome.HttpRequest.csproj", "{E1B69D40-9DFB-4544-A0E1-C6E35D246E52}"
EndProject
Project("{9A19103F-16F7-4668-BE54-9A1E7A4F7556}") = "FantasyHome.UI", "FantasyHome.UI\FantasyHome.UI.csproj", "{47D7750F-0891-4A2B-8CDF-F4D3172D9FA3}"
EndProject
Project("{9A19103F-16F7-4668-BE54-9A1E7A4F7556}") = "FantasyHome.Application", "FantasyHome.Application\FantasyHome.Application.csproj", "{B1183F44-C85F-4033-9558-F650122F02C9}"
EndProject
Project("{2150E333-8FDC-42A3-9474-1A3956D46DE8}") = "FantasyHomeCenter", "FantasyHomeCenter", "{260827B9-B63E-42A2-8569-626658B36F3D}"
EndProject
Project("{9A19103F-16F7-4668-BE54-9A1E7A4F7556}") = "FantasyHomeCenter.Application", "FantasyHomeCenter\FantasyHomeCenter\FantasyHomeCenter.Application\FantasyHomeCenter.Application.csproj", "{DD9680AF-CDD0-4418-A148-179540223D83}"
EndProject
Project("{9A19103F-16F7-4668-BE54-9A1E7A4F7556}") = "FantasyHomeCenter.Core", "FantasyHomeCenter\FantasyHomeCenter\FantasyHomeCenter.Core\FantasyHomeCenter.Core.csproj", "{8A523352-0400-4E8B-9AAC-5698080C026B}"
EndProject
Project("{9A19103F-16F7-4668-BE54-9A1E7A4F7556}") = "FantasyHomeCenter.Database.Migrations", "FantasyHomeCenter\FantasyHomeCenter\FantasyHomeCenter.Database.Migrations\FantasyHomeCenter.Database.Migrations.csproj", "{A9215C28-69F4-472C-A4C4-EAE97319F25E}"
EndProject
Project("{9A19103F-16F7-4668-BE54-9A1E7A4F7556}") = "FantasyHomeCenter.EntityFramework.Core", "FantasyHomeCenter\FantasyHomeCenter\FantasyHomeCenter.EntityFramework.Core\FantasyHomeCenter.EntityFramework.Core.csproj", "{B2FA1545-9C25-4A8A-8F63-855F8E098A33}"
EndProject
Project("{9A19103F-16F7-4668-BE54-9A1E7A4F7556}") = "FantasyHomeCenter.Web.Core", "FantasyHomeCenter\FantasyHomeCenter\FantasyHomeCenter.Web.Core\FantasyHomeCenter.Web.Core.csproj", "{FAEABA82-AA87-4573-9A34-6F58FE720D25}"
EndProject
Project("{9A19103F-16F7-4668-BE54-9A1E7A4F7556}") = "FantasyHomeCenter.Web.Entry", "FantasyHomeCenter\FantasyHomeCenter\FantasyHomeCenter.Web.Entry\FantasyHomeCenter.Web.Entry.csproj", "{5E956D04-63A9-4202-BCD9-0822A4264DCD}"
EndProject
Project("{9A19103F-16F7-4668-BE54-9A1E7A4F7556}") = "FantasyHomeCenter.DevicePluginInterface", "FantasyHomeCenter\FantasyHomeCenter\FantasyHomeCenter.DevicePluginInterface\FantasyHomeCenter.DevicePluginInterface.csproj", "{94481B0D-02ED-4F2E-A854-2E5AEECD1271}"
EndProject
Project("{2150E333-8FDC-42A3-9474-1A3956D46DE8}") = "DevicePluginsImpls", "DevicePluginsImpls", "{A9A9F833-78C0-4E15-A59F-B981D3D49871}"
EndProject
Project("{9A19103F-16F7-4668-BE54-9A1E7A4F7556}") = "DevicePluginTest", "Test\DevicePluginTest\DevicePluginTest.csproj", "{1E36C3FB-8436-4DDE-9D35-B13C30D77E91}"
EndProject
Project("{2150E333-8FDC-42A3-9474-1A3956D46DE8}") = "Test", "Test", "{F4044661-FF28-4F16-AB93-CC51E6726029}"
EndProject
Project("{2150E333-8FDC-42A3-9474-1A3956D46DE8}") = "FantasyRoomDiplayDevice", "FantasyRoomDiplayDevice", "{5084DDAB-B62F-4E9C-9FDD-C754EEB6270F}"
EndProject
Project("{9A19103F-16F7-4668-BE54-9A1E7A4F7556}") = "FantasyRoomDisplayDevice", "FantasyRoomDiplayDevice\FantasyRoomDisplayDevice\FantasyRoomDisplayDevice.csproj", "{FECD60F5-8F4E-4EFF-B986-9420BBA30454}"
EndProject
Project("{9A19103F-16F7-4668-BE54-9A1E7A4F7556}") = "FantasyHome.GTool", "FantasyHome.GTool\FantasyHome.GTool.csproj", "{98641155-F6DF-42EC-8278-EAE67ECA9207}"
EndProject
Project("{9A19103F-16F7-4668-BE54-9A1E7A4F7556}") = "MideaAirControlV3LocalControl", "DevicePluginsImpls\MideaAirControlV3LocalControl\MideaAirControlV3LocalControl.csproj", "{BBF0A7C2-7E0D-48FE-8677-480C65F147BE}"
EndProject
Project("{9A19103F-16F7-4668-BE54-9A1E7A4F7556}") = "WebApplication1", "Test\WebApplication1\WebApplication1.csproj", "{2E9E2D0F-34EB-4C39-A059-582D0C4B9DFD}"
EndProject
Project("{9A19103F-16F7-4668-BE54-9A1E7A4F7556}") = "Weather", "DevicePluginsImpls\Weather\Weather.csproj", "{4BFC85FB-28F0-4E77-8DDE-2385F9BE6E77}"
EndProject
Project("{9A19103F-16F7-4668-BE54-9A1E7A4F7556}") = "FantasyRoomDisplayDeviceUpdate", "FantasyRoomDiplayDevice\FantasyRoomDisplayDeviceUpdate\FantasyRoomDisplayDeviceUpdate.csproj", "{2DD0AEA2-A510-4EB7-9BDA-198312DAD691}"
EndProject
Project("{9A19103F-16F7-4668-BE54-9A1E7A4F7556}") = "WpfApp1", "Test\WpfApp1\WpfApp1.csproj", "{0261ED46-EF18-4EB4-94DA-CE3D6BDD7888}"
EndProject
Project("{2150E333-8FDC-42A3-9474-1A3956D46DE8}") = "插件包", "插件包", "{11227C40-E98A-4D5E-A9B3-A7B2CE32E1AE}"
	ProjectSection(SolutionItems) = preProject
		FantasyHomeCenter\FantasyHomeCenter\FantasyHomeCenter.Web.Entry\plugins\天气插件.zip = FantasyHomeCenter\FantasyHomeCenter\FantasyHomeCenter.Web.Entry\plugins\天气插件.zip
		FantasyHomeCenter\FantasyHomeCenter\FantasyHomeCenter.Web.Entry\plugins\空调插件.zip = FantasyHomeCenter\FantasyHomeCenter\FantasyHomeCenter.Web.Entry\plugins\空调插件.zip
	EndProjectSection
EndProject
Project("{9A19103F-16F7-4668-BE54-9A1E7A4F7556}") = "TestPlugin", "DevicePluginsImpls\TestPlugin\TestPlugin.csproj", "{4ADAF473-03CB-4772-89BB-2F62862D60C4}"
EndProject
Project("{FAE04EC0-301F-11D3-BF4B-00C04F79EFBC}") = "MauiLib1", "Test\MauiLib1\MauiLib1.csproj", "{2F48C668-9B27-4A06-BC18-5A011B576DBB}"
EndProject
Global
	GlobalSection(SolutionConfigurationPlatforms) = preSolution
		Debug|Any CPU = Debug|Any CPU
		Debug|ARM = Debug|ARM
		Debug|ARM64 = Debug|ARM64
		Debug|x64 = Debug|x64
		Debug|x86 = Debug|x86
		Release|Any CPU = Release|Any CPU
		Release|ARM = Release|ARM
		Release|ARM64 = Release|ARM64
		Release|x64 = Release|x64
		Release|x86 = Release|x86
	EndGlobalSection
	GlobalSection(ProjectConfigurationPlatforms) = postSolution
		{E1B69D40-9DFB-4544-A0E1-C6E35D246E52}.Debug|Any CPU.ActiveCfg = Debug|Any CPU
		{E1B69D40-9DFB-4544-A0E1-C6E35D246E52}.Debug|Any CPU.Build.0 = Debug|Any CPU
		{E1B69D40-9DFB-4544-A0E1-C6E35D246E52}.Debug|ARM.ActiveCfg = Debug|Any CPU
		{E1B69D40-9DFB-4544-A0E1-C6E35D246E52}.Debug|ARM.Build.0 = Debug|Any CPU
		{E1B69D40-9DFB-4544-A0E1-C6E35D246E52}.Debug|ARM64.ActiveCfg = Debug|Any CPU
		{E1B69D40-9DFB-4544-A0E1-C6E35D246E52}.Debug|ARM64.Build.0 = Debug|Any CPU
		{E1B69D40-9DFB-4544-A0E1-C6E35D246E52}.Debug|x64.ActiveCfg = Debug|Any CPU
		{E1B69D40-9DFB-4544-A0E1-C6E35D246E52}.Debug|x64.Build.0 = Debug|Any CPU
		{E1B69D40-9DFB-4544-A0E1-C6E35D246E52}.Debug|x86.ActiveCfg = Debug|Any CPU
		{E1B69D40-9DFB-4544-A0E1-C6E35D246E52}.Debug|x86.Build.0 = Debug|Any CPU
		{E1B69D40-9DFB-4544-A0E1-C6E35D246E52}.Release|Any CPU.ActiveCfg = Release|Any CPU
		{E1B69D40-9DFB-4544-A0E1-C6E35D246E52}.Release|Any CPU.Build.0 = Release|Any CPU
		{E1B69D40-9DFB-4544-A0E1-C6E35D246E52}.Release|ARM.ActiveCfg = Release|Any CPU
		{E1B69D40-9DFB-4544-A0E1-C6E35D246E52}.Release|ARM.Build.0 = Release|Any CPU
		{E1B69D40-9DFB-4544-A0E1-C6E35D246E52}.Release|ARM64.ActiveCfg = Release|Any CPU
		{E1B69D40-9DFB-4544-A0E1-C6E35D246E52}.Release|ARM64.Build.0 = Release|Any CPU
		{E1B69D40-9DFB-4544-A0E1-C6E35D246E52}.Release|x64.ActiveCfg = Release|Any CPU
		{E1B69D40-9DFB-4544-A0E1-C6E35D246E52}.Release|x64.Build.0 = Release|Any CPU
		{E1B69D40-9DFB-4544-A0E1-C6E35D246E52}.Release|x86.ActiveCfg = Release|Any CPU
		{E1B69D40-9DFB-4544-A0E1-C6E35D246E52}.Release|x86.Build.0 = Release|Any CPU
		{47D7750F-0891-4A2B-8CDF-F4D3172D9FA3}.Debug|Any CPU.ActiveCfg = Debug|Any CPU
		{47D7750F-0891-4A2B-8CDF-F4D3172D9FA3}.Debug|Any CPU.Build.0 = Debug|Any CPU
		{47D7750F-0891-4A2B-8CDF-F4D3172D9FA3}.Debug|Any CPU.Deploy.0 = Debug|Any CPU
		{47D7750F-0891-4A2B-8CDF-F4D3172D9FA3}.Debug|ARM.ActiveCfg = Debug|Any CPU
		{47D7750F-0891-4A2B-8CDF-F4D3172D9FA3}.Debug|ARM.Build.0 = Debug|Any CPU
		{47D7750F-0891-4A2B-8CDF-F4D3172D9FA3}.Debug|ARM.Deploy.0 = Debug|Any CPU
		{47D7750F-0891-4A2B-8CDF-F4D3172D9FA3}.Debug|ARM64.ActiveCfg = Debug|Any CPU
		{47D7750F-0891-4A2B-8CDF-F4D3172D9FA3}.Debug|ARM64.Build.0 = Debug|Any CPU
		{47D7750F-0891-4A2B-8CDF-F4D3172D9FA3}.Debug|ARM64.Deploy.0 = Debug|Any CPU
		{47D7750F-0891-4A2B-8CDF-F4D3172D9FA3}.Debug|x64.ActiveCfg = Debug|Any CPU
		{47D7750F-0891-4A2B-8CDF-F4D3172D9FA3}.Debug|x64.Build.0 = Debug|Any CPU
		{47D7750F-0891-4A2B-8CDF-F4D3172D9FA3}.Debug|x64.Deploy.0 = Debug|Any CPU
		{47D7750F-0891-4A2B-8CDF-F4D3172D9FA3}.Debug|x86.ActiveCfg = Debug|Any CPU
		{47D7750F-0891-4A2B-8CDF-F4D3172D9FA3}.Debug|x86.Build.0 = Debug|Any CPU
		{47D7750F-0891-4A2B-8CDF-F4D3172D9FA3}.Debug|x86.Deploy.0 = Debug|Any CPU
		{47D7750F-0891-4A2B-8CDF-F4D3172D9FA3}.Release|Any CPU.ActiveCfg = Release|Any CPU
		{47D7750F-0891-4A2B-8CDF-F4D3172D9FA3}.Release|Any CPU.Build.0 = Release|Any CPU
		{47D7750F-0891-4A2B-8CDF-F4D3172D9FA3}.Release|Any CPU.Deploy.0 = Release|Any CPU
		{47D7750F-0891-4A2B-8CDF-F4D3172D9FA3}.Release|ARM.ActiveCfg = Release|Any CPU
		{47D7750F-0891-4A2B-8CDF-F4D3172D9FA3}.Release|ARM.Build.0 = Release|Any CPU
		{47D7750F-0891-4A2B-8CDF-F4D3172D9FA3}.Release|ARM.Deploy.0 = Release|Any CPU
		{47D7750F-0891-4A2B-8CDF-F4D3172D9FA3}.Release|ARM64.ActiveCfg = Release|Any CPU
		{47D7750F-0891-4A2B-8CDF-F4D3172D9FA3}.Release|ARM64.Build.0 = Release|Any CPU
		{47D7750F-0891-4A2B-8CDF-F4D3172D9FA3}.Release|ARM64.Deploy.0 = Release|Any CPU
		{47D7750F-0891-4A2B-8CDF-F4D3172D9FA3}.Release|x64.ActiveCfg = Release|Any CPU
		{47D7750F-0891-4A2B-8CDF-F4D3172D9FA3}.Release|x64.Build.0 = Release|Any CPU
		{47D7750F-0891-4A2B-8CDF-F4D3172D9FA3}.Release|x64.Deploy.0 = Release|Any CPU
		{47D7750F-0891-4A2B-8CDF-F4D3172D9FA3}.Release|x86.ActiveCfg = Release|Any CPU
		{47D7750F-0891-4A2B-8CDF-F4D3172D9FA3}.Release|x86.Build.0 = Release|Any CPU
		{47D7750F-0891-4A2B-8CDF-F4D3172D9FA3}.Release|x86.Deploy.0 = Release|Any CPU
		{B1183F44-C85F-4033-9558-F650122F02C9}.Debug|Any CPU.ActiveCfg = Debug|Any CPU
		{B1183F44-C85F-4033-9558-F650122F02C9}.Debug|Any CPU.Build.0 = Debug|Any CPU
		{B1183F44-C85F-4033-9558-F650122F02C9}.Debug|ARM.ActiveCfg = Debug|Any CPU
		{B1183F44-C85F-4033-9558-F650122F02C9}.Debug|ARM.Build.0 = Debug|Any CPU
		{B1183F44-C85F-4033-9558-F650122F02C9}.Debug|ARM64.ActiveCfg = Debug|Any CPU
		{B1183F44-C85F-4033-9558-F650122F02C9}.Debug|ARM64.Build.0 = Debug|Any CPU
		{B1183F44-C85F-4033-9558-F650122F02C9}.Debug|x64.ActiveCfg = Debug|Any CPU
		{B1183F44-C85F-4033-9558-F650122F02C9}.Debug|x64.Build.0 = Debug|Any CPU
		{B1183F44-C85F-4033-9558-F650122F02C9}.Debug|x86.ActiveCfg = Debug|Any CPU
		{B1183F44-C85F-4033-9558-F650122F02C9}.Debug|x86.Build.0 = Debug|Any CPU
		{B1183F44-C85F-4033-9558-F650122F02C9}.Release|Any CPU.ActiveCfg = Release|Any CPU
		{B1183F44-C85F-4033-9558-F650122F02C9}.Release|Any CPU.Build.0 = Release|Any CPU
		{B1183F44-C85F-4033-9558-F650122F02C9}.Release|ARM.ActiveCfg = Release|Any CPU
		{B1183F44-C85F-4033-9558-F650122F02C9}.Release|ARM.Build.0 = Release|Any CPU
		{B1183F44-C85F-4033-9558-F650122F02C9}.Release|ARM64.ActiveCfg = Release|Any CPU
		{B1183F44-C85F-4033-9558-F650122F02C9}.Release|ARM64.Build.0 = Release|Any CPU
		{B1183F44-C85F-4033-9558-F650122F02C9}.Release|x64.ActiveCfg = Release|Any CPU
		{B1183F44-C85F-4033-9558-F650122F02C9}.Release|x64.Build.0 = Release|Any CPU
		{B1183F44-C85F-4033-9558-F650122F02C9}.Release|x86.ActiveCfg = Release|Any CPU
		{B1183F44-C85F-4033-9558-F650122F02C9}.Release|x86.Build.0 = Release|Any CPU
		{DD9680AF-CDD0-4418-A148-179540223D83}.Debug|Any CPU.ActiveCfg = Debug|Any CPU
		{DD9680AF-CDD0-4418-A148-179540223D83}.Debug|Any CPU.Build.0 = Debug|Any CPU
		{DD9680AF-CDD0-4418-A148-179540223D83}.Debug|ARM.ActiveCfg = Debug|Any CPU
		{DD9680AF-CDD0-4418-A148-179540223D83}.Debug|ARM.Build.0 = Debug|Any CPU
		{DD9680AF-CDD0-4418-A148-179540223D83}.Debug|ARM64.ActiveCfg = Debug|Any CPU
		{DD9680AF-CDD0-4418-A148-179540223D83}.Debug|ARM64.Build.0 = Debug|Any CPU
		{DD9680AF-CDD0-4418-A148-179540223D83}.Debug|x64.ActiveCfg = Debug|Any CPU
		{DD9680AF-CDD0-4418-A148-179540223D83}.Debug|x64.Build.0 = Debug|Any CPU
		{DD9680AF-CDD0-4418-A148-179540223D83}.Debug|x86.ActiveCfg = Debug|Any CPU
		{DD9680AF-CDD0-4418-A148-179540223D83}.Debug|x86.Build.0 = Debug|Any CPU
		{DD9680AF-CDD0-4418-A148-179540223D83}.Release|Any CPU.ActiveCfg = Release|Any CPU
		{DD9680AF-CDD0-4418-A148-179540223D83}.Release|Any CPU.Build.0 = Release|Any CPU
		{DD9680AF-CDD0-4418-A148-179540223D83}.Release|ARM.ActiveCfg = Release|Any CPU
		{DD9680AF-CDD0-4418-A148-179540223D83}.Release|ARM.Build.0 = Release|Any CPU
		{DD9680AF-CDD0-4418-A148-179540223D83}.Release|ARM64.ActiveCfg = Release|Any CPU
		{DD9680AF-CDD0-4418-A148-179540223D83}.Release|ARM64.Build.0 = Release|Any CPU
		{DD9680AF-CDD0-4418-A148-179540223D83}.Release|x64.ActiveCfg = Release|Any CPU
		{DD9680AF-CDD0-4418-A148-179540223D83}.Release|x64.Build.0 = Release|Any CPU
		{DD9680AF-CDD0-4418-A148-179540223D83}.Release|x86.ActiveCfg = Release|Any CPU
		{DD9680AF-CDD0-4418-A148-179540223D83}.Release|x86.Build.0 = Release|Any CPU
		{8A523352-0400-4E8B-9AAC-5698080C026B}.Debug|Any CPU.ActiveCfg = Debug|Any CPU
		{8A523352-0400-4E8B-9AAC-5698080C026B}.Debug|Any CPU.Build.0 = Debug|Any CPU
		{8A523352-0400-4E8B-9AAC-5698080C026B}.Debug|ARM.ActiveCfg = Debug|Any CPU
		{8A523352-0400-4E8B-9AAC-5698080C026B}.Debug|ARM.Build.0 = Debug|Any CPU
		{8A523352-0400-4E8B-9AAC-5698080C026B}.Debug|ARM64.ActiveCfg = Debug|Any CPU
		{8A523352-0400-4E8B-9AAC-5698080C026B}.Debug|ARM64.Build.0 = Debug|Any CPU
		{8A523352-0400-4E8B-9AAC-5698080C026B}.Debug|x64.ActiveCfg = Debug|Any CPU
		{8A523352-0400-4E8B-9AAC-5698080C026B}.Debug|x64.Build.0 = Debug|Any CPU
		{8A523352-0400-4E8B-9AAC-5698080C026B}.Debug|x86.ActiveCfg = Debug|Any CPU
		{8A523352-0400-4E8B-9AAC-5698080C026B}.Debug|x86.Build.0 = Debug|Any CPU
		{8A523352-0400-4E8B-9AAC-5698080C026B}.Release|Any CPU.ActiveCfg = Release|Any CPU
		{8A523352-0400-4E8B-9AAC-5698080C026B}.Release|Any CPU.Build.0 = Release|Any CPU
		{8A523352-0400-4E8B-9AAC-5698080C026B}.Release|ARM.ActiveCfg = Release|Any CPU
		{8A523352-0400-4E8B-9AAC-5698080C026B}.Release|ARM.Build.0 = Release|Any CPU
		{8A523352-0400-4E8B-9AAC-5698080C026B}.Release|ARM64.ActiveCfg = Release|Any CPU
		{8A523352-0400-4E8B-9AAC-5698080C026B}.Release|ARM64.Build.0 = Release|Any CPU
		{8A523352-0400-4E8B-9AAC-5698080C026B}.Release|x64.ActiveCfg = Release|Any CPU
		{8A523352-0400-4E8B-9AAC-5698080C026B}.Release|x64.Build.0 = Release|Any CPU
		{8A523352-0400-4E8B-9AAC-5698080C026B}.Release|x86.ActiveCfg = Release|Any CPU
		{8A523352-0400-4E8B-9AAC-5698080C026B}.Release|x86.Build.0 = Release|Any CPU
		{A9215C28-69F4-472C-A4C4-EAE97319F25E}.Debug|Any CPU.ActiveCfg = Debug|Any CPU
		{A9215C28-69F4-472C-A4C4-EAE97319F25E}.Debug|Any CPU.Build.0 = Debug|Any CPU
		{A9215C28-69F4-472C-A4C4-EAE97319F25E}.Debug|ARM.ActiveCfg = Debug|Any CPU
		{A9215C28-69F4-472C-A4C4-EAE97319F25E}.Debug|ARM.Build.0 = Debug|Any CPU
		{A9215C28-69F4-472C-A4C4-EAE97319F25E}.Debug|ARM64.ActiveCfg = Debug|Any CPU
		{A9215C28-69F4-472C-A4C4-EAE97319F25E}.Debug|ARM64.Build.0 = Debug|Any CPU
		{A9215C28-69F4-472C-A4C4-EAE97319F25E}.Debug|x64.ActiveCfg = Debug|Any CPU
		{A9215C28-69F4-472C-A4C4-EAE97319F25E}.Debug|x64.Build.0 = Debug|Any CPU
		{A9215C28-69F4-472C-A4C4-EAE97319F25E}.Debug|x86.ActiveCfg = Debug|Any CPU
		{A9215C28-69F4-472C-A4C4-EAE97319F25E}.Debug|x86.Build.0 = Debug|Any CPU
		{A9215C28-69F4-472C-A4C4-EAE97319F25E}.Release|Any CPU.ActiveCfg = Release|Any CPU
		{A9215C28-69F4-472C-A4C4-EAE97319F25E}.Release|Any CPU.Build.0 = Release|Any CPU
		{A9215C28-69F4-472C-A4C4-EAE97319F25E}.Release|ARM.ActiveCfg = Release|Any CPU
		{A9215C28-69F4-472C-A4C4-EAE97319F25E}.Release|ARM.Build.0 = Release|Any CPU
		{A9215C28-69F4-472C-A4C4-EAE97319F25E}.Release|ARM64.ActiveCfg = Release|Any CPU
		{A9215C28-69F4-472C-A4C4-EAE97319F25E}.Release|ARM64.Build.0 = Release|Any CPU
		{A9215C28-69F4-472C-A4C4-EAE97319F25E}.Release|x64.ActiveCfg = Release|Any CPU
		{A9215C28-69F4-472C-A4C4-EAE97319F25E}.Release|x64.Build.0 = Release|Any CPU
		{A9215C28-69F4-472C-A4C4-EAE97319F25E}.Release|x86.ActiveCfg = Release|Any CPU
		{A9215C28-69F4-472C-A4C4-EAE97319F25E}.Release|x86.Build.0 = Release|Any CPU
		{B2FA1545-9C25-4A8A-8F63-855F8E098A33}.Debug|Any CPU.ActiveCfg = Debug|Any CPU
		{B2FA1545-9C25-4A8A-8F63-855F8E098A33}.Debug|Any CPU.Build.0 = Debug|Any CPU
		{B2FA1545-9C25-4A8A-8F63-855F8E098A33}.Debug|ARM.ActiveCfg = Debug|Any CPU
		{B2FA1545-9C25-4A8A-8F63-855F8E098A33}.Debug|ARM.Build.0 = Debug|Any CPU
		{B2FA1545-9C25-4A8A-8F63-855F8E098A33}.Debug|ARM64.ActiveCfg = Debug|Any CPU
		{B2FA1545-9C25-4A8A-8F63-855F8E098A33}.Debug|ARM64.Build.0 = Debug|Any CPU
		{B2FA1545-9C25-4A8A-8F63-855F8E098A33}.Debug|x64.ActiveCfg = Debug|Any CPU
		{B2FA1545-9C25-4A8A-8F63-855F8E098A33}.Debug|x64.Build.0 = Debug|Any CPU
		{B2FA1545-9C25-4A8A-8F63-855F8E098A33}.Debug|x86.ActiveCfg = Debug|Any CPU
		{B2FA1545-9C25-4A8A-8F63-855F8E098A33}.Debug|x86.Build.0 = Debug|Any CPU
		{B2FA1545-9C25-4A8A-8F63-855F8E098A33}.Release|Any CPU.ActiveCfg = Release|Any CPU
		{B2FA1545-9C25-4A8A-8F63-855F8E098A33}.Release|Any CPU.Build.0 = Release|Any CPU
		{B2FA1545-9C25-4A8A-8F63-855F8E098A33}.Release|ARM.ActiveCfg = Release|Any CPU
		{B2FA1545-9C25-4A8A-8F63-855F8E098A33}.Release|ARM.Build.0 = Release|Any CPU
		{B2FA1545-9C25-4A8A-8F63-855F8E098A33}.Release|ARM64.ActiveCfg = Release|Any CPU
		{B2FA1545-9C25-4A8A-8F63-855F8E098A33}.Release|ARM64.Build.0 = Release|Any CPU
		{B2FA1545-9C25-4A8A-8F63-855F8E098A33}.Release|x64.ActiveCfg = Release|Any CPU
		{B2FA1545-9C25-4A8A-8F63-855F8E098A33}.Release|x64.Build.0 = Release|Any CPU
		{B2FA1545-9C25-4A8A-8F63-855F8E098A33}.Release|x86.ActiveCfg = Release|Any CPU
		{B2FA1545-9C25-4A8A-8F63-855F8E098A33}.Release|x86.Build.0 = Release|Any CPU
		{FAEABA82-AA87-4573-9A34-6F58FE720D25}.Debug|Any CPU.ActiveCfg = Debug|Any CPU
		{FAEABA82-AA87-4573-9A34-6F58FE720D25}.Debug|Any CPU.Build.0 = Debug|Any CPU
		{FAEABA82-AA87-4573-9A34-6F58FE720D25}.Debug|ARM.ActiveCfg = Debug|Any CPU
		{FAEABA82-AA87-4573-9A34-6F58FE720D25}.Debug|ARM.Build.0 = Debug|Any CPU
		{FAEABA82-AA87-4573-9A34-6F58FE720D25}.Debug|ARM64.ActiveCfg = Debug|Any CPU
		{FAEABA82-AA87-4573-9A34-6F58FE720D25}.Debug|ARM64.Build.0 = Debug|Any CPU
		{FAEABA82-AA87-4573-9A34-6F58FE720D25}.Debug|x64.ActiveCfg = Debug|Any CPU
		{FAEABA82-AA87-4573-9A34-6F58FE720D25}.Debug|x64.Build.0 = Debug|Any CPU
		{FAEABA82-AA87-4573-9A34-6F58FE720D25}.Debug|x86.ActiveCfg = Debug|Any CPU
		{FAEABA82-AA87-4573-9A34-6F58FE720D25}.Debug|x86.Build.0 = Debug|Any CPU
		{FAEABA82-AA87-4573-9A34-6F58FE720D25}.Release|Any CPU.ActiveCfg = Release|Any CPU
		{FAEABA82-AA87-4573-9A34-6F58FE720D25}.Release|Any CPU.Build.0 = Release|Any CPU
		{FAEABA82-AA87-4573-9A34-6F58FE720D25}.Release|ARM.ActiveCfg = Release|Any CPU
		{FAEABA82-AA87-4573-9A34-6F58FE720D25}.Release|ARM.Build.0 = Release|Any CPU
		{FAEABA82-AA87-4573-9A34-6F58FE720D25}.Release|ARM64.ActiveCfg = Release|Any CPU
		{FAEABA82-AA87-4573-9A34-6F58FE720D25}.Release|ARM64.Build.0 = Release|Any CPU
		{FAEABA82-AA87-4573-9A34-6F58FE720D25}.Release|x64.ActiveCfg = Release|Any CPU
		{FAEABA82-AA87-4573-9A34-6F58FE720D25}.Release|x64.Build.0 = Release|Any CPU
		{FAEABA82-AA87-4573-9A34-6F58FE720D25}.Release|x86.ActiveCfg = Release|Any CPU
		{FAEABA82-AA87-4573-9A34-6F58FE720D25}.Release|x86.Build.0 = Release|Any CPU
		{5E956D04-63A9-4202-BCD9-0822A4264DCD}.Debug|Any CPU.ActiveCfg = Debug|Any CPU
		{5E956D04-63A9-4202-BCD9-0822A4264DCD}.Debug|Any CPU.Build.0 = Debug|Any CPU
		{5E956D04-63A9-4202-BCD9-0822A4264DCD}.Debug|ARM.ActiveCfg = Debug|Any CPU
		{5E956D04-63A9-4202-BCD9-0822A4264DCD}.Debug|ARM.Build.0 = Debug|Any CPU
		{5E956D04-63A9-4202-BCD9-0822A4264DCD}.Debug|ARM64.ActiveCfg = Debug|Any CPU
		{5E956D04-63A9-4202-BCD9-0822A4264DCD}.Debug|ARM64.Build.0 = Debug|Any CPU
		{5E956D04-63A9-4202-BCD9-0822A4264DCD}.Debug|x64.ActiveCfg = Debug|Any CPU
		{5E956D04-63A9-4202-BCD9-0822A4264DCD}.Debug|x64.Build.0 = Debug|Any CPU
		{5E956D04-63A9-4202-BCD9-0822A4264DCD}.Debug|x86.ActiveCfg = Debug|Any CPU
		{5E956D04-63A9-4202-BCD9-0822A4264DCD}.Debug|x86.Build.0 = Debug|Any CPU
		{5E956D04-63A9-4202-BCD9-0822A4264DCD}.Release|Any CPU.ActiveCfg = Release|Any CPU
		{5E956D04-63A9-4202-BCD9-0822A4264DCD}.Release|Any CPU.Build.0 = Release|Any CPU
		{5E956D04-63A9-4202-BCD9-0822A4264DCD}.Release|ARM.ActiveCfg = Release|Any CPU
		{5E956D04-63A9-4202-BCD9-0822A4264DCD}.Release|ARM.Build.0 = Release|Any CPU
		{5E956D04-63A9-4202-BCD9-0822A4264DCD}.Release|ARM64.ActiveCfg = Release|Any CPU
		{5E956D04-63A9-4202-BCD9-0822A4264DCD}.Release|ARM64.Build.0 = Release|Any CPU
		{5E956D04-63A9-4202-BCD9-0822A4264DCD}.Release|x64.ActiveCfg = Release|Any CPU
		{5E956D04-63A9-4202-BCD9-0822A4264DCD}.Release|x64.Build.0 = Release|Any CPU
		{5E956D04-63A9-4202-BCD9-0822A4264DCD}.Release|x86.ActiveCfg = Release|Any CPU
		{5E956D04-63A9-4202-BCD9-0822A4264DCD}.Release|x86.Build.0 = Release|Any CPU
		{94481B0D-02ED-4F2E-A854-2E5AEECD1271}.Debug|Any CPU.ActiveCfg = Debug|Any CPU
		{94481B0D-02ED-4F2E-A854-2E5AEECD1271}.Debug|Any CPU.Build.0 = Debug|Any CPU
		{94481B0D-02ED-4F2E-A854-2E5AEECD1271}.Debug|ARM.ActiveCfg = Debug|Any CPU
		{94481B0D-02ED-4F2E-A854-2E5AEECD1271}.Debug|ARM.Build.0 = Debug|Any CPU
		{94481B0D-02ED-4F2E-A854-2E5AEECD1271}.Debug|ARM64.ActiveCfg = Debug|Any CPU
		{94481B0D-02ED-4F2E-A854-2E5AEECD1271}.Debug|ARM64.Build.0 = Debug|Any CPU
		{94481B0D-02ED-4F2E-A854-2E5AEECD1271}.Debug|x64.ActiveCfg = Debug|Any CPU
		{94481B0D-02ED-4F2E-A854-2E5AEECD1271}.Debug|x64.Build.0 = Debug|Any CPU
		{94481B0D-02ED-4F2E-A854-2E5AEECD1271}.Debug|x86.ActiveCfg = Debug|Any CPU
		{94481B0D-02ED-4F2E-A854-2E5AEECD1271}.Debug|x86.Build.0 = Debug|Any CPU
		{94481B0D-02ED-4F2E-A854-2E5AEECD1271}.Release|Any CPU.ActiveCfg = Release|Any CPU
		{94481B0D-02ED-4F2E-A854-2E5AEECD1271}.Release|Any CPU.Build.0 = Release|Any CPU
		{94481B0D-02ED-4F2E-A854-2E5AEECD1271}.Release|ARM.ActiveCfg = Release|Any CPU
		{94481B0D-02ED-4F2E-A854-2E5AEECD1271}.Release|ARM.Build.0 = Release|Any CPU
		{94481B0D-02ED-4F2E-A854-2E5AEECD1271}.Release|ARM64.ActiveCfg = Release|Any CPU
		{94481B0D-02ED-4F2E-A854-2E5AEECD1271}.Release|ARM64.Build.0 = Release|Any CPU
		{94481B0D-02ED-4F2E-A854-2E5AEECD1271}.Release|x64.ActiveCfg = Release|Any CPU
		{94481B0D-02ED-4F2E-A854-2E5AEECD1271}.Release|x64.Build.0 = Release|Any CPU
		{94481B0D-02ED-4F2E-A854-2E5AEECD1271}.Release|x86.ActiveCfg = Release|Any CPU
		{94481B0D-02ED-4F2E-A854-2E5AEECD1271}.Release|x86.Build.0 = Release|Any CPU
		{1E36C3FB-8436-4DDE-9D35-B13C30D77E91}.Debug|Any CPU.ActiveCfg = Debug|Any CPU
		{1E36C3FB-8436-4DDE-9D35-B13C30D77E91}.Debug|Any CPU.Build.0 = Debug|Any CPU
		{1E36C3FB-8436-4DDE-9D35-B13C30D77E91}.Debug|ARM.ActiveCfg = Debug|Any CPU
		{1E36C3FB-8436-4DDE-9D35-B13C30D77E91}.Debug|ARM.Build.0 = Debug|Any CPU
		{1E36C3FB-8436-4DDE-9D35-B13C30D77E91}.Debug|ARM64.ActiveCfg = Debug|Any CPU
		{1E36C3FB-8436-4DDE-9D35-B13C30D77E91}.Debug|ARM64.Build.0 = Debug|Any CPU
		{1E36C3FB-8436-4DDE-9D35-B13C30D77E91}.Debug|x64.ActiveCfg = Debug|Any CPU
		{1E36C3FB-8436-4DDE-9D35-B13C30D77E91}.Debug|x64.Build.0 = Debug|Any CPU
		{1E36C3FB-8436-4DDE-9D35-B13C30D77E91}.Debug|x86.ActiveCfg = Debug|Any CPU
		{1E36C3FB-8436-4DDE-9D35-B13C30D77E91}.Debug|x86.Build.0 = Debug|Any CPU
		{1E36C3FB-8436-4DDE-9D35-B13C30D77E91}.Release|Any CPU.ActiveCfg = Release|Any CPU
		{1E36C3FB-8436-4DDE-9D35-B13C30D77E91}.Release|Any CPU.Build.0 = Release|Any CPU
		{1E36C3FB-8436-4DDE-9D35-B13C30D77E91}.Release|ARM.ActiveCfg = Release|Any CPU
		{1E36C3FB-8436-4DDE-9D35-B13C30D77E91}.Release|ARM.Build.0 = Release|Any CPU
		{1E36C3FB-8436-4DDE-9D35-B13C30D77E91}.Release|ARM64.ActiveCfg = Release|Any CPU
		{1E36C3FB-8436-4DDE-9D35-B13C30D77E91}.Release|ARM64.Build.0 = Release|Any CPU
		{1E36C3FB-8436-4DDE-9D35-B13C30D77E91}.Release|x64.ActiveCfg = Release|Any CPU
		{1E36C3FB-8436-4DDE-9D35-B13C30D77E91}.Release|x64.Build.0 = Release|Any CPU
		{1E36C3FB-8436-4DDE-9D35-B13C30D77E91}.Release|x86.ActiveCfg = Release|Any CPU
		{1E36C3FB-8436-4DDE-9D35-B13C30D77E91}.Release|x86.Build.0 = Release|Any CPU
		{FECD60F5-8F4E-4EFF-B986-9420BBA30454}.Debug|Any CPU.ActiveCfg = Debug|Any CPU
		{FECD60F5-8F4E-4EFF-B986-9420BBA30454}.Debug|Any CPU.Build.0 = Debug|Any CPU
		{FECD60F5-8F4E-4EFF-B986-9420BBA30454}.Debug|ARM.ActiveCfg = Debug|Any CPU
		{FECD60F5-8F4E-4EFF-B986-9420BBA30454}.Debug|ARM.Build.0 = Debug|Any CPU
		{FECD60F5-8F4E-4EFF-B986-9420BBA30454}.Debug|ARM64.ActiveCfg = Debug|Any CPU
		{FECD60F5-8F4E-4EFF-B986-9420BBA30454}.Debug|ARM64.Build.0 = Debug|Any CPU
		{FECD60F5-8F4E-4EFF-B986-9420BBA30454}.Debug|x64.ActiveCfg = Debug|Any CPU
		{FECD60F5-8F4E-4EFF-B986-9420BBA30454}.Debug|x64.Build.0 = Debug|Any CPU
		{FECD60F5-8F4E-4EFF-B986-9420BBA30454}.Debug|x86.ActiveCfg = Debug|Any CPU
		{FECD60F5-8F4E-4EFF-B986-9420BBA30454}.Debug|x86.Build.0 = Debug|Any CPU
		{FECD60F5-8F4E-4EFF-B986-9420BBA30454}.Release|Any CPU.ActiveCfg = Release|Any CPU
		{FECD60F5-8F4E-4EFF-B986-9420BBA30454}.Release|Any CPU.Build.0 = Release|Any CPU
		{FECD60F5-8F4E-4EFF-B986-9420BBA30454}.Release|ARM.ActiveCfg = Release|Any CPU
		{FECD60F5-8F4E-4EFF-B986-9420BBA30454}.Release|ARM.Build.0 = Release|Any CPU
		{FECD60F5-8F4E-4EFF-B986-9420BBA30454}.Release|ARM64.ActiveCfg = Release|Any CPU
		{FECD60F5-8F4E-4EFF-B986-9420BBA30454}.Release|ARM64.Build.0 = Release|Any CPU
		{FECD60F5-8F4E-4EFF-B986-9420BBA30454}.Release|x64.ActiveCfg = Release|Any CPU
		{FECD60F5-8F4E-4EFF-B986-9420BBA30454}.Release|x64.Build.0 = Release|Any CPU
		{FECD60F5-8F4E-4EFF-B986-9420BBA30454}.Release|x86.ActiveCfg = Release|Any CPU
		{FECD60F5-8F4E-4EFF-B986-9420BBA30454}.Release|x86.Build.0 = Release|Any CPU
		{98641155-F6DF-42EC-8278-EAE67ECA9207}.Debug|Any CPU.ActiveCfg = Debug|Any CPU
		{98641155-F6DF-42EC-8278-EAE67ECA9207}.Debug|Any CPU.Build.0 = Debug|Any CPU
		{98641155-F6DF-42EC-8278-EAE67ECA9207}.Debug|ARM.ActiveCfg = Debug|Any CPU
		{98641155-F6DF-42EC-8278-EAE67ECA9207}.Debug|ARM.Build.0 = Debug|Any CPU
		{98641155-F6DF-42EC-8278-EAE67ECA9207}.Debug|ARM64.ActiveCfg = Debug|Any CPU
		{98641155-F6DF-42EC-8278-EAE67ECA9207}.Debug|ARM64.Build.0 = Debug|Any CPU
		{98641155-F6DF-42EC-8278-EAE67ECA9207}.Debug|x64.ActiveCfg = Debug|Any CPU
		{98641155-F6DF-42EC-8278-EAE67ECA9207}.Debug|x64.Build.0 = Debug|Any CPU
		{98641155-F6DF-42EC-8278-EAE67ECA9207}.Debug|x86.ActiveCfg = Debug|Any CPU
		{98641155-F6DF-42EC-8278-EAE67ECA9207}.Debug|x86.Build.0 = Debug|Any CPU
		{98641155-F6DF-42EC-8278-EAE67ECA9207}.Release|Any CPU.ActiveCfg = Release|Any CPU
		{98641155-F6DF-42EC-8278-EAE67ECA9207}.Release|Any CPU.Build.0 = Release|Any CPU
		{98641155-F6DF-42EC-8278-EAE67ECA9207}.Release|ARM.ActiveCfg = Release|Any CPU
		{98641155-F6DF-42EC-8278-EAE67ECA9207}.Release|ARM.Build.0 = Release|Any CPU
		{98641155-F6DF-42EC-8278-EAE67ECA9207}.Release|ARM64.ActiveCfg = Release|Any CPU
		{98641155-F6DF-42EC-8278-EAE67ECA9207}.Release|ARM64.Build.0 = Release|Any CPU
		{98641155-F6DF-42EC-8278-EAE67ECA9207}.Release|x64.ActiveCfg = Release|Any CPU
		{98641155-F6DF-42EC-8278-EAE67ECA9207}.Release|x64.Build.0 = Release|Any CPU
		{98641155-F6DF-42EC-8278-EAE67ECA9207}.Release|x86.ActiveCfg = Release|Any CPU
		{98641155-F6DF-42EC-8278-EAE67ECA9207}.Release|x86.Build.0 = Release|Any CPU
		{BBF0A7C2-7E0D-48FE-8677-480C65F147BE}.Debug|Any CPU.ActiveCfg = Debug|Any CPU
		{BBF0A7C2-7E0D-48FE-8677-480C65F147BE}.Debug|Any CPU.Build.0 = Debug|Any CPU
		{BBF0A7C2-7E0D-48FE-8677-480C65F147BE}.Debug|ARM.ActiveCfg = Debug|Any CPU
		{BBF0A7C2-7E0D-48FE-8677-480C65F147BE}.Debug|ARM.Build.0 = Debug|Any CPU
		{BBF0A7C2-7E0D-48FE-8677-480C65F147BE}.Debug|ARM64.ActiveCfg = Debug|Any CPU
		{BBF0A7C2-7E0D-48FE-8677-480C65F147BE}.Debug|ARM64.Build.0 = Debug|Any CPU
		{BBF0A7C2-7E0D-48FE-8677-480C65F147BE}.Debug|x64.ActiveCfg = Debug|Any CPU
		{BBF0A7C2-7E0D-48FE-8677-480C65F147BE}.Debug|x64.Build.0 = Debug|Any CPU
		{BBF0A7C2-7E0D-48FE-8677-480C65F147BE}.Debug|x86.ActiveCfg = Debug|Any CPU
		{BBF0A7C2-7E0D-48FE-8677-480C65F147BE}.Debug|x86.Build.0 = Debug|Any CPU
		{BBF0A7C2-7E0D-48FE-8677-480C65F147BE}.Release|Any CPU.ActiveCfg = Release|Any CPU
		{BBF0A7C2-7E0D-48FE-8677-480C65F147BE}.Release|Any CPU.Build.0 = Release|Any CPU
		{BBF0A7C2-7E0D-48FE-8677-480C65F147BE}.Release|ARM.ActiveCfg = Release|Any CPU
		{BBF0A7C2-7E0D-48FE-8677-480C65F147BE}.Release|ARM.Build.0 = Release|Any CPU
		{BBF0A7C2-7E0D-48FE-8677-480C65F147BE}.Release|ARM64.ActiveCfg = Release|Any CPU
		{BBF0A7C2-7E0D-48FE-8677-480C65F147BE}.Release|ARM64.Build.0 = Release|Any CPU
		{BBF0A7C2-7E0D-48FE-8677-480C65F147BE}.Release|x64.ActiveCfg = Release|Any CPU
		{BBF0A7C2-7E0D-48FE-8677-480C65F147BE}.Release|x64.Build.0 = Release|Any CPU
		{BBF0A7C2-7E0D-48FE-8677-480C65F147BE}.Release|x86.ActiveCfg = Release|Any CPU
		{BBF0A7C2-7E0D-48FE-8677-480C65F147BE}.Release|x86.Build.0 = Release|Any CPU
		{2E9E2D0F-34EB-4C39-A059-582D0C4B9DFD}.Debug|Any CPU.ActiveCfg = Debug|Any CPU
		{2E9E2D0F-34EB-4C39-A059-582D0C4B9DFD}.Debug|Any CPU.Build.0 = Debug|Any CPU
		{2E9E2D0F-34EB-4C39-A059-582D0C4B9DFD}.Debug|ARM.ActiveCfg = Debug|Any CPU
		{2E9E2D0F-34EB-4C39-A059-582D0C4B9DFD}.Debug|ARM.Build.0 = Debug|Any CPU
		{2E9E2D0F-34EB-4C39-A059-582D0C4B9DFD}.Debug|ARM64.ActiveCfg = Debug|Any CPU
		{2E9E2D0F-34EB-4C39-A059-582D0C4B9DFD}.Debug|ARM64.Build.0 = Debug|Any CPU
		{2E9E2D0F-34EB-4C39-A059-582D0C4B9DFD}.Debug|x64.ActiveCfg = Debug|Any CPU
		{2E9E2D0F-34EB-4C39-A059-582D0C4B9DFD}.Debug|x64.Build.0 = Debug|Any CPU
		{2E9E2D0F-34EB-4C39-A059-582D0C4B9DFD}.Debug|x86.ActiveCfg = Debug|Any CPU
		{2E9E2D0F-34EB-4C39-A059-582D0C4B9DFD}.Debug|x86.Build.0 = Debug|Any CPU
		{2E9E2D0F-34EB-4C39-A059-582D0C4B9DFD}.Release|Any CPU.ActiveCfg = Release|Any CPU
		{2E9E2D0F-34EB-4C39-A059-582D0C4B9DFD}.Release|Any CPU.Build.0 = Release|Any CPU
		{2E9E2D0F-34EB-4C39-A059-582D0C4B9DFD}.Release|ARM.ActiveCfg = Release|Any CPU
		{2E9E2D0F-34EB-4C39-A059-582D0C4B9DFD}.Release|ARM.Build.0 = Release|Any CPU
		{2E9E2D0F-34EB-4C39-A059-582D0C4B9DFD}.Release|ARM64.ActiveCfg = Release|Any CPU
		{2E9E2D0F-34EB-4C39-A059-582D0C4B9DFD}.Release|ARM64.Build.0 = Release|Any CPU
		{2E9E2D0F-34EB-4C39-A059-582D0C4B9DFD}.Release|x64.ActiveCfg = Release|Any CPU
		{2E9E2D0F-34EB-4C39-A059-582D0C4B9DFD}.Release|x64.Build.0 = Release|Any CPU
		{2E9E2D0F-34EB-4C39-A059-582D0C4B9DFD}.Release|x86.ActiveCfg = Release|Any CPU
		{2E9E2D0F-34EB-4C39-A059-582D0C4B9DFD}.Release|x86.Build.0 = Release|Any CPU
		{4BFC85FB-28F0-4E77-8DDE-2385F9BE6E77}.Debug|Any CPU.ActiveCfg = Debug|Any CPU
		{4BFC85FB-28F0-4E77-8DDE-2385F9BE6E77}.Debug|Any CPU.Build.0 = Debug|Any CPU
		{4BFC85FB-28F0-4E77-8DDE-2385F9BE6E77}.Debug|ARM.ActiveCfg = Debug|Any CPU
		{4BFC85FB-28F0-4E77-8DDE-2385F9BE6E77}.Debug|ARM.Build.0 = Debug|Any CPU
		{4BFC85FB-28F0-4E77-8DDE-2385F9BE6E77}.Debug|ARM64.ActiveCfg = Debug|Any CPU
		{4BFC85FB-28F0-4E77-8DDE-2385F9BE6E77}.Debug|ARM64.Build.0 = Debug|Any CPU
		{4BFC85FB-28F0-4E77-8DDE-2385F9BE6E77}.Debug|x64.ActiveCfg = Debug|Any CPU
		{4BFC85FB-28F0-4E77-8DDE-2385F9BE6E77}.Debug|x64.Build.0 = Debug|Any CPU
		{4BFC85FB-28F0-4E77-8DDE-2385F9BE6E77}.Debug|x86.ActiveCfg = Debug|Any CPU
		{4BFC85FB-28F0-4E77-8DDE-2385F9BE6E77}.Debug|x86.Build.0 = Debug|Any CPU
		{4BFC85FB-28F0-4E77-8DDE-2385F9BE6E77}.Release|Any CPU.ActiveCfg = Release|Any CPU
		{4BFC85FB-28F0-4E77-8DDE-2385F9BE6E77}.Release|Any CPU.Build.0 = Release|Any CPU
		{4BFC85FB-28F0-4E77-8DDE-2385F9BE6E77}.Release|ARM.ActiveCfg = Release|Any CPU
		{4BFC85FB-28F0-4E77-8DDE-2385F9BE6E77}.Release|ARM.Build.0 = Release|Any CPU
		{4BFC85FB-28F0-4E77-8DDE-2385F9BE6E77}.Release|ARM64.ActiveCfg = Release|Any CPU
		{4BFC85FB-28F0-4E77-8DDE-2385F9BE6E77}.Release|ARM64.Build.0 = Release|Any CPU
		{4BFC85FB-28F0-4E77-8DDE-2385F9BE6E77}.Release|x64.ActiveCfg = Release|Any CPU
		{4BFC85FB-28F0-4E77-8DDE-2385F9BE6E77}.Release|x64.Build.0 = Release|Any CPU
		{4BFC85FB-28F0-4E77-8DDE-2385F9BE6E77}.Release|x86.ActiveCfg = Release|Any CPU
		{4BFC85FB-28F0-4E77-8DDE-2385F9BE6E77}.Release|x86.Build.0 = Release|Any CPU
		{2DD0AEA2-A510-4EB7-9BDA-198312DAD691}.Debug|Any CPU.ActiveCfg = Debug|Any CPU
		{2DD0AEA2-A510-4EB7-9BDA-198312DAD691}.Debug|Any CPU.Build.0 = Debug|Any CPU
		{2DD0AEA2-A510-4EB7-9BDA-198312DAD691}.Debug|ARM.ActiveCfg = Debug|Any CPU
		{2DD0AEA2-A510-4EB7-9BDA-198312DAD691}.Debug|ARM.Build.0 = Debug|Any CPU
		{2DD0AEA2-A510-4EB7-9BDA-198312DAD691}.Debug|ARM64.ActiveCfg = Debug|Any CPU
		{2DD0AEA2-A510-4EB7-9BDA-198312DAD691}.Debug|ARM64.Build.0 = Debug|Any CPU
		{2DD0AEA2-A510-4EB7-9BDA-198312DAD691}.Debug|x64.ActiveCfg = Debug|Any CPU
		{2DD0AEA2-A510-4EB7-9BDA-198312DAD691}.Debug|x64.Build.0 = Debug|Any CPU
		{2DD0AEA2-A510-4EB7-9BDA-198312DAD691}.Debug|x86.ActiveCfg = Debug|Any CPU
		{2DD0AEA2-A510-4EB7-9BDA-198312DAD691}.Debug|x86.Build.0 = Debug|Any CPU
		{2DD0AEA2-A510-4EB7-9BDA-198312DAD691}.Release|Any CPU.ActiveCfg = Release|Any CPU
		{2DD0AEA2-A510-4EB7-9BDA-198312DAD691}.Release|Any CPU.Build.0 = Release|Any CPU
		{2DD0AEA2-A510-4EB7-9BDA-198312DAD691}.Release|ARM.ActiveCfg = Release|Any CPU
		{2DD0AEA2-A510-4EB7-9BDA-198312DAD691}.Release|ARM.Build.0 = Release|Any CPU
		{2DD0AEA2-A510-4EB7-9BDA-198312DAD691}.Release|ARM64.ActiveCfg = Release|Any CPU
		{2DD0AEA2-A510-4EB7-9BDA-198312DAD691}.Release|ARM64.Build.0 = Release|Any CPU
		{2DD0AEA2-A510-4EB7-9BDA-198312DAD691}.Release|x64.ActiveCfg = Release|Any CPU
		{2DD0AEA2-A510-4EB7-9BDA-198312DAD691}.Release|x64.Build.0 = Release|Any CPU
		{2DD0AEA2-A510-4EB7-9BDA-198312DAD691}.Release|x86.ActiveCfg = Release|Any CPU
		{2DD0AEA2-A510-4EB7-9BDA-198312DAD691}.Release|x86.Build.0 = Release|Any CPU
		{0261ED46-EF18-4EB4-94DA-CE3D6BDD7888}.Debug|Any CPU.ActiveCfg = Debug|Any CPU
		{0261ED46-EF18-4EB4-94DA-CE3D6BDD7888}.Debug|Any CPU.Build.0 = Debug|Any CPU
		{0261ED46-EF18-4EB4-94DA-CE3D6BDD7888}.Debug|ARM.ActiveCfg = Debug|Any CPU
		{0261ED46-EF18-4EB4-94DA-CE3D6BDD7888}.Debug|ARM.Build.0 = Debug|Any CPU
		{0261ED46-EF18-4EB4-94DA-CE3D6BDD7888}.Debug|ARM64.ActiveCfg = Debug|Any CPU
		{0261ED46-EF18-4EB4-94DA-CE3D6BDD7888}.Debug|ARM64.Build.0 = Debug|Any CPU
		{0261ED46-EF18-4EB4-94DA-CE3D6BDD7888}.Debug|x64.ActiveCfg = Debug|Any CPU
		{0261ED46-EF18-4EB4-94DA-CE3D6BDD7888}.Debug|x64.Build.0 = Debug|Any CPU
		{0261ED46-EF18-4EB4-94DA-CE3D6BDD7888}.Debug|x86.ActiveCfg = Debug|Any CPU
		{0261ED46-EF18-4EB4-94DA-CE3D6BDD7888}.Debug|x86.Build.0 = Debug|Any CPU
		{0261ED46-EF18-4EB4-94DA-CE3D6BDD7888}.Release|Any CPU.ActiveCfg = Release|Any CPU
		{0261ED46-EF18-4EB4-94DA-CE3D6BDD7888}.Release|Any CPU.Build.0 = Release|Any CPU
		{0261ED46-EF18-4EB4-94DA-CE3D6BDD7888}.Release|ARM.ActiveCfg = Release|Any CPU
		{0261ED46-EF18-4EB4-94DA-CE3D6BDD7888}.Release|ARM.Build.0 = Release|Any CPU
		{0261ED46-EF18-4EB4-94DA-CE3D6BDD7888}.Release|ARM64.ActiveCfg = Release|Any CPU
		{0261ED46-EF18-4EB4-94DA-CE3D6BDD7888}.Release|ARM64.Build.0 = Release|Any CPU
		{0261ED46-EF18-4EB4-94DA-CE3D6BDD7888}.Release|x64.ActiveCfg = Release|Any CPU
		{0261ED46-EF18-4EB4-94DA-CE3D6BDD7888}.Release|x64.Build.0 = Release|Any CPU
		{0261ED46-EF18-4EB4-94DA-CE3D6BDD7888}.Release|x86.ActiveCfg = Release|Any CPU
		{0261ED46-EF18-4EB4-94DA-CE3D6BDD7888}.Release|x86.Build.0 = Release|Any CPU
		{4ADAF473-03CB-4772-89BB-2F62862D60C4}.Debug|Any CPU.ActiveCfg = Debug|Any CPU
		{4ADAF473-03CB-4772-89BB-2F62862D60C4}.Debug|Any CPU.Build.0 = Debug|Any CPU
		{4ADAF473-03CB-4772-89BB-2F62862D60C4}.Debug|ARM.ActiveCfg = Debug|Any CPU
		{4ADAF473-03CB-4772-89BB-2F62862D60C4}.Debug|ARM.Build.0 = Debug|Any CPU
		{4ADAF473-03CB-4772-89BB-2F62862D60C4}.Debug|ARM64.ActiveCfg = Debug|Any CPU
		{4ADAF473-03CB-4772-89BB-2F62862D60C4}.Debug|ARM64.Build.0 = Debug|Any CPU
		{4ADAF473-03CB-4772-89BB-2F62862D60C4}.Debug|x64.ActiveCfg = Debug|Any CPU
		{4ADAF473-03CB-4772-89BB-2F62862D60C4}.Debug|x64.Build.0 = Debug|Any CPU
		{4ADAF473-03CB-4772-89BB-2F62862D60C4}.Debug|x86.ActiveCfg = Debug|Any CPU
		{4ADAF473-03CB-4772-89BB-2F62862D60C4}.Debug|x86.Build.0 = Debug|Any CPU
		{4ADAF473-03CB-4772-89BB-2F62862D60C4}.Release|Any CPU.ActiveCfg = Release|Any CPU
		{4ADAF473-03CB-4772-89BB-2F62862D60C4}.Release|Any CPU.Build.0 = Release|Any CPU
		{4ADAF473-03CB-4772-89BB-2F62862D60C4}.Release|ARM.ActiveCfg = Release|Any CPU
		{4ADAF473-03CB-4772-89BB-2F62862D60C4}.Release|ARM.Build.0 = Release|Any CPU
		{4ADAF473-03CB-4772-89BB-2F62862D60C4}.Release|ARM64.ActiveCfg = Release|Any CPU
		{4ADAF473-03CB-4772-89BB-2F62862D60C4}.Release|ARM64.Build.0 = Release|Any CPU
		{4ADAF473-03CB-4772-89BB-2F62862D60C4}.Release|x64.ActiveCfg = Release|Any CPU
		{4ADAF473-03CB-4772-89BB-2F62862D60C4}.Release|x64.Build.0 = Release|Any CPU
		{4ADAF473-03CB-4772-89BB-2F62862D60C4}.Release|x86.ActiveCfg = Release|Any CPU
		{4ADAF473-03CB-4772-89BB-2F62862D60C4}.Release|x86.Build.0 = Release|Any CPU
		{2F48C668-9B27-4A06-BC18-5A011B576DBB}.Debug|Any CPU.ActiveCfg = Debug|Any CPU
		{2F48C668-9B27-4A06-BC18-5A011B576DBB}.Debug|Any CPU.Build.0 = Debug|Any CPU
		{2F48C668-9B27-4A06-BC18-5A011B576DBB}.Debug|Any CPU.Deploy.0 = Debug|Any CPU
		{2F48C668-9B27-4A06-BC18-5A011B576DBB}.Debug|ARM.ActiveCfg = Debug|Any CPU
		{2F48C668-9B27-4A06-BC18-5A011B576DBB}.Debug|ARM.Build.0 = Debug|Any CPU
		{2F48C668-9B27-4A06-BC18-5A011B576DBB}.Debug|ARM.Deploy.0 = Debug|Any CPU
		{2F48C668-9B27-4A06-BC18-5A011B576DBB}.Debug|ARM64.ActiveCfg = Debug|Any CPU
		{2F48C668-9B27-4A06-BC18-5A011B576DBB}.Debug|ARM64.Build.0 = Debug|Any CPU
		{2F48C668-9B27-4A06-BC18-5A011B576DBB}.Debug|ARM64.Deploy.0 = Debug|Any CPU
		{2F48C668-9B27-4A06-BC18-5A011B576DBB}.Debug|x64.ActiveCfg = Debug|Any CPU
		{2F48C668-9B27-4A06-BC18-5A011B576DBB}.Debug|x64.Build.0 = Debug|Any CPU
		{2F48C668-9B27-4A06-BC18-5A011B576DBB}.Debug|x64.Deploy.0 = Debug|Any CPU
		{2F48C668-9B27-4A06-BC18-5A011B576DBB}.Debug|x86.ActiveCfg = Debug|Any CPU
		{2F48C668-9B27-4A06-BC18-5A011B576DBB}.Debug|x86.Build.0 = Debug|Any CPU
		{2F48C668-9B27-4A06-BC18-5A011B576DBB}.Debug|x86.Deploy.0 = Debug|Any CPU
		{2F48C668-9B27-4A06-BC18-5A011B576DBB}.Release|Any CPU.ActiveCfg = Release|Any CPU
		{2F48C668-9B27-4A06-BC18-5A011B576DBB}.Release|Any CPU.Build.0 = Release|Any CPU
		{2F48C668-9B27-4A06-BC18-5A011B576DBB}.Release|Any CPU.Deploy.0 = Release|Any CPU
		{2F48C668-9B27-4A06-BC18-5A011B576DBB}.Release|ARM.ActiveCfg = Release|Any CPU
		{2F48C668-9B27-4A06-BC18-5A011B576DBB}.Release|ARM.Build.0 = Release|Any CPU
		{2F48C668-9B27-4A06-BC18-5A011B576DBB}.Release|ARM.Deploy.0 = Release|Any CPU
		{2F48C668-9B27-4A06-BC18-5A011B576DBB}.Release|ARM64.ActiveCfg = Release|Any CPU
		{2F48C668-9B27-4A06-BC18-5A011B576DBB}.Release|ARM64.Build.0 = Release|Any CPU
		{2F48C668-9B27-4A06-BC18-5A011B576DBB}.Release|ARM64.Deploy.0 = Release|Any CPU
		{2F48C668-9B27-4A06-BC18-5A011B576DBB}.Release|x64.ActiveCfg = Release|Any CPU
		{2F48C668-9B27-4A06-BC18-5A011B576DBB}.Release|x64.Build.0 = Release|Any CPU
		{2F48C668-9B27-4A06-BC18-5A011B576DBB}.Release|x64.Deploy.0 = Release|Any CPU
		{2F48C668-9B27-4A06-BC18-5A011B576DBB}.Release|x86.ActiveCfg = Release|Any CPU
		{2F48C668-9B27-4A06-BC18-5A011B576DBB}.Release|x86.Build.0 = Release|Any CPU
		{2F48C668-9B27-4A06-BC18-5A011B576DBB}.Release|x86.Deploy.0 = Release|Any CPU
	EndGlobalSection
	GlobalSection(SolutionProperties) = preSolution
		HideSolutionNode = FALSE
	EndGlobalSection
	GlobalSection(NestedProjects) = preSolution
		{DD9680AF-CDD0-4418-A148-179540223D83} = {260827B9-B63E-42A2-8569-626658B36F3D}
		{8A523352-0400-4E8B-9AAC-5698080C026B} = {260827B9-B63E-42A2-8569-626658B36F3D}
		{A9215C28-69F4-472C-A4C4-EAE97319F25E} = {260827B9-B63E-42A2-8569-626658B36F3D}
		{B2FA1545-9C25-4A8A-8F63-855F8E098A33} = {260827B9-B63E-42A2-8569-626658B36F3D}
		{FAEABA82-AA87-4573-9A34-6F58FE720D25} = {260827B9-B63E-42A2-8569-626658B36F3D}
		{5E956D04-63A9-4202-BCD9-0822A4264DCD} = {260827B9-B63E-42A2-8569-626658B36F3D}
		{94481B0D-02ED-4F2E-A854-2E5AEECD1271} = {260827B9-B63E-42A2-8569-626658B36F3D}
		{1E36C3FB-8436-4DDE-9D35-B13C30D77E91} = {F4044661-FF28-4F16-AB93-CC51E6726029}
		{FECD60F5-8F4E-4EFF-B986-9420BBA30454} = {5084DDAB-B62F-4E9C-9FDD-C754EEB6270F}
		{BBF0A7C2-7E0D-48FE-8677-480C65F147BE} = {A9A9F833-78C0-4E15-A59F-B981D3D49871}
		{2E9E2D0F-34EB-4C39-A059-582D0C4B9DFD} = {F4044661-FF28-4F16-AB93-CC51E6726029}
		{4BFC85FB-28F0-4E77-8DDE-2385F9BE6E77} = {A9A9F833-78C0-4E15-A59F-B981D3D49871}
		{2DD0AEA2-A510-4EB7-9BDA-198312DAD691} = {5084DDAB-B62F-4E9C-9FDD-C754EEB6270F}
		{0261ED46-EF18-4EB4-94DA-CE3D6BDD7888} = {F4044661-FF28-4F16-AB93-CC51E6726029}
		{11227C40-E98A-4D5E-A9B3-A7B2CE32E1AE} = {A9A9F833-78C0-4E15-A59F-B981D3D49871}
		{4ADAF473-03CB-4772-89BB-2F62862D60C4} = {A9A9F833-78C0-4E15-A59F-B981D3D49871}
		{2F48C668-9B27-4A06-BC18-5A011B576DBB} = {F4044661-FF28-4F16-AB93-CC51E6726029}
	EndGlobalSection
	GlobalSection(ExtensibilityGlobals) = postSolution
		SolutionGuid = {89901F63-0ACF-405A-905D-EF3EB6FEC538}
	EndGlobalSection
EndGlobal
